<?xml version="1.0" encoding="utf-8"?>
<Project ToolsVersion="4.0" xmlns="http://schemas.microsoft.com/developer/msbuild/2003">
  <ItemGroup>
    <Filter Include="xml">
      <UniqueIdentifier>{9852bcca-d43d-42c2-9556-7524ff6712f9}</UniqueIdentifier>
    </Filter>
    <Filter Include="precompiledresources">
      <UniqueIdentifier>{1fe9a2fa-53c1-48bf-b5cd-6745d4576a03}</UniqueIdentifier>
    </Filter>
  </ItemGroup>
  <ItemGroup>
    <ClCompile Include="xml\tinystr.CPP">
      <Filter>xml</Filter>
    </ClCompile>
    <ClCompile Include="xml\tinyxml.CPP">
      <Filter>xml</Filter>
    </ClCompile>
    <ClCompile Include="xml\tinyxmlerror.CPP">
      <Filter>xml</Filter>
    </ClCompile>
    <ClCompile Include="xml\tinyxmlparser.CPP">
      <Filter>xml</Filter>
    </ClCompile>
    <ClCompile Include="main.cpp" />
    <ClCompile Include="UpdatingResources.cpp" />
    <ClCompile Include="recorder.cpp" />
    <ClCompile Include="log.cpp" />
    <ClCompile Include="resourcecompiler.cpp" />
    <ClCompile Include="precompiledresources\resources.cpp">
      <Filter>precompiledresources</Filter>
    </ClCompile>
    <ClCompile Include="audiolibwrapper.cpp" />
  </ItemGroup>
  <ItemGroup>
    <ClInclude Include="xml\tinystr.H">
      <Filter>xml</Filter>
    </ClInclude>
    <ClInclude Include="xml\tinyxml.H">
      <Filter>xml</Filter>
    </ClInclude>
    <ClInclude Include="resource.h" />
    <ClInclude Include="UpdatingResources.h" />
    <ClInclude Include="AudioFile.h" />
    <ClInclude Include="recorder.h" />
    <ClInclude Include="log.h" />
    <ClInclude Include="resourcecompiler.h" />
    <ClInclude Include="main.h" />
    <ClInclude Include="audiolibwrapper.h" />
  </ItemGroup>
  <ItemGroup>
    <Image Include="icon1.ico" />
  </ItemGroup>
  <ItemGroup>
    <ResourceCompile Include="TapeRecorder.rc" />
  </ItemGroup>
  <ItemGroup>
    <Xml Include="portabletaperecordersettings.xml" />
  </ItemGroup>
</Project>